
Microsoft Visual Studio Solution File, Format Version 12.00
# Visual Studio Version 16
VisualStudioVersion = 16.0.30420.98
MinimumVisualStudioVersion = 10.0.40219.1
Project("{9A19103F-16F7-4668-BE54-9A1E7A4F7556}") = "AzMapsPOISearch", "AzMapsPOISearch\AzMapsPOISearch.csproj", "{2F6A1E02-35EF-40BE-9FDA-FD39759B69C9}"
EndProject
Global
	GlobalSection(SolutionConfigurationPlatforms) = preSolution
		Debug|Any CPU = Debug|Any CPU
		Release|Any CPU = Release|Any CPU
	EndGlobalSection
	GlobalSection(ProjectConfigurationPlatforms) = postSolution
		{2F6A1E02-35EF-40BE-9FDA-FD39759B69C9}.Debug|Any CPU.ActiveCfg = Debug|Any CPU
		{2F6A1E02-35EF-40BE-9FDA-FD39759B69C9}.Debug|Any CPU.Build.0 = Debug|Any CPU
		{2F6A1E02-35EF-40BE-9FDA-FD39759B69C9}.Release|Any CPU.ActiveCfg = Release|Any CPU
		{2F6A1E02-35EF-40BE-9FDA-FD39759B69C9}.Release|Any CPU.Build.0 = Release|Any CPU
	EndGlobalSection
	GlobalSection(SolutionProperties) = preSolution
		HideSolutionNode = FALSE
	EndGlobalSection
	GlobalSection(ExtensibilityGlobals) = postSolution
		SolutionGuid = {67B37F01-AD3F-4C77-97C0-61E0A5024129}
	EndGlobalSection
EndGlobal
